// !$*UTF8*$!
{
	archiveVersion = 1;
	classes = {
	};
	objectVersion = 46;
	objects = {

/* Begin PBXBuildFile section */
		EDF3029D1C0BF49800E7D2A3 /* main.m in Sources */ = {isa = PBXBuildFile; fileRef = EDF3029C1C0BF49800E7D2A3 /* main.m */; };
		EDF302A01C0BF49800E7D2A3 /* AppDelegate.m in Sources */ = {isa = PBXBuildFile; fileRef = EDF3029F1C0BF49800E7D2A3 /* AppDelegate.m */; };
		EDF302A31C0BF49800E7D2A3 /* ViewController.m in Sources */ = {isa = PBXBuildFile; fileRef = EDF302A21C0BF49800E7D2A3 /* ViewController.m */; };
		EDF302A61C0BF49800E7D2A3 /* Main.storyboard in Resources */ = {isa = PBXBuildFile; fileRef = EDF302A41C0BF49800E7D2A3 /* Main.storyboard */; };
		EDF302A81C0BF49800E7D2A3 /* Assets.xcassets in Resources */ = {isa = PBXBuildFile; fileRef = EDF302A71C0BF49800E7D2A3 /* Assets.xcassets */; };
		EDF302AB1C0BF49800E7D2A3 /* LaunchScreen.storyboard in Resources */ = {isa = PBXBuildFile; fileRef = EDF302A91C0BF49800E7D2A3 /* LaunchScreen.storyboard */; };
		EDF302B61C0BF49800E7D2A3 /* DefineCellTests.m in Sources */ = {isa = PBXBuildFile; fileRef = EDF302B51C0BF49800E7D2A3 /* DefineCellTests.m */; };
		EDF302C11C0BF49800E7D2A3 /* DefineCellUITests.m in Sources */ = {isa = PBXBuildFile; fileRef = EDF302C01C0BF49800E7D2A3 /* DefineCellUITests.m */; };
/* End PBXBuildFile section */

/* Begin PBXContainerItemProxy section */
		EDF302B21C0BF49800E7D2A3 /* PBXContainerItemProxy */ = {
			isa = PBXContainerItemProxy;
			containerPortal = EDF302901C0BF49700E7D2A3 /* Project object */;
			proxyType = 1;
			remoteGlobalIDString = EDF302971C0BF49800E7D2A3;
			remoteInfo = DefineCell;
		};
		EDF302BD1C0BF49800E7D2A3 /* PBXContainerItemProxy */ = {
			isa = PBXContainerItemProxy;
			containerPortal = EDF302901C0BF49700E7D2A3 /* Project object */;
			proxyType = 1;
			remoteGlobalIDString = EDF302971C0BF49800E7D2A3;
			remoteInfo = DefineCell;
		};
/* End PBXContainerItemProxy section */

/* Begin PBXFileReference section */
		EDF302981C0BF49800E7D2A3 /* DefineCell.app */ = {isa = PBXFileReference; explicitFileType = wrapper.application; includeInIndex = 0; path = DefineCell.app; sourceTree = BUILT_PRODUCTS_DIR; };
		EDF3029C1C0BF49800E7D2A3 /* main.m */ = {isa = PBXFileReference; lastKnownFileType = sourcecode.c.objc; path = main.m; sourceTree = "<group>"; };
		EDF3029E1C0BF49800E7D2A3 /* AppDelegate.h */ = {isa = PBXFileReference; lastKnownFileType = sourcecode.c.h; path = AppDelegate.h; sourceTree = "<group>"; };
		EDF3029F1C0BF49800E7D2A3 /* AppDelegate.m */ = {isa = PBXFileReference; lastKnownFileType = sourcecode.c.objc; path = AppDelegate.m; sourceTree = "<group>"; };
		EDF302A11C0BF49800E7D2A3 /* ViewController.h */ = {isa = PBXFileReference; lastKnownFileType = sourcecode.c.h; path = ViewController.h; sourceTree = "<group>"; };
		EDF302A21C0BF49800E7D2A3 /* ViewController.m */ = {isa = PBXFileReference; lastKnownFileType = sourcecode.c.objc; path = ViewController.m; sourceTree = "<group>"; };
		EDF302A51C0BF49800E7D2A3 /* Base */ = {isa = PBXFileReference; lastKnownFileType = file.storyboard; name = Base; path = Base.lproj/Main.storyboard; sourceTree = "<group>"; };
		EDF302A71C0BF49800E7D2A3 /* Assets.xcassets */ = {isa = PBXFileReference; lastKnownFileType = folder.assetcatalog; path = Assets.xcassets; sourceTree = "<group>"; };
		EDF302AA1C0BF49800E7D2A3 /* Base */ = {isa = PBXFileReference; lastKnownFileType = file.storyboard; name = Base; path = Base.lproj/LaunchScreen.storyboard; sourceTree = "<group>"; };
		EDF302AC1C0BF49800E7D2A3 /* Info.plist */ = {isa = PBXFileReference; lastKnownFileType = text.plist.xml; path = Info.plist; sourceTree = "<group>"; };
		EDF302B11C0BF49800E7D2A3 /* DefineCellTests.xctest */ = {isa = PBXFileReference; explicitFileType = wrapper.cfbundle; includeInIndex = 0; path = DefineCellTests.xctest; sourceTree = BUILT_PRODUCTS_DIR; };
		EDF302B51C0BF49800E7D2A3 /* DefineCellTests.m */ = {isa = PBXFileReference; lastKnownFileType = sourcecode.c.objc; path = DefineCellTests.m; sourceTree = "<group>"; };
		EDF302B71C0BF49800E7D2A3 /* Info.plist */ = {isa = PBXFileReference; lastKnownFileType = text.plist.xml; path = Info.plist; sourceTree = "<group>"; };
		EDF302BC1C0BF49800E7D2A3 /* DefineCellUITests.xctest */ = {isa = PBXFileReference; explicitFileType = wrapper.cfbundle; includeInIndex = 0; path = DefineCellUITests.xctest; sourceTree = BUILT_PRODUCTS_DIR; };
		EDF302C01C0BF49800E7D2A3 /* DefineCellUITests.m */ = {isa = PBXFileReference; lastKnownFileType = sourcecode.c.objc; path = DefineCellUITests.m; sourceTree = "<group>"; };
		EDF302C21C0BF49800E7D2A3 /* Info.plist */ = {isa = PBXFileReference; lastKnownFileType = text.plist.xml; path = Info.plist; sourceTree = "<group>"; };
/* End PBXFileReference section */

/* Begin PBXFrameworksBuildPhase section */
		EDF302951C0BF49800E7D2A3 /* Frameworks */ = {
			isa = PBXFrameworksBuildPhase;
			buildActionMask = 2147483647;
			files = (
			);
			runOnlyForDeploymentPostprocessing = 0;
		};
		EDF302AE1C0BF49800E7D2A3 /* Frameworks */ = {
			isa = PBXFrameworksBuildPhase;
			buildActionMask = 2147483647;
			files = (
			);
			runOnlyForDeploymentPostprocessing = 0;
		};
		EDF302B91C0BF49800E7D2A3 /* Frameworks */ = {
			isa = PBXFrameworksBuildPhase;
			buildActionMask = 2147483647;
			files = (
			);
			runOnlyForDeploymentPostprocessing = 0;
		};
/* End PBXFrameworksBuildPhase section */

/* Begin PBXGroup section */
		EDF3028F1C0BF49700E7D2A3 = {
			isa = PBXGroup;
			children = (
				EDF3029A1C0BF49800E7D2A3 /* DefineCell */,
				EDF302B41C0BF49800E7D2A3 /* DefineCellTests */,
				EDF302BF1C0BF49800E7D2A3 /* DefineCellUITests */,
				EDF302991C0BF49800E7D2A3 /* Products */,
			);
			sourceTree = "<group>";
		};
		EDF302991C0BF49800E7D2A3 /* Products */ = {
			isa = PBXGroup;
			children = (
				EDF302981C0BF49800E7D2A3 /* DefineCell.app */,
				EDF302B11C0BF49800E7D2A3 /* DefineCellTests.xctest */,
				EDF302BC1C0BF49800E7D2A3 /* DefineCellUITests.xctest */,
			);
			name = Products;
			sourceTree = "<group>";
		};
		EDF3029A1C0BF49800E7D2A3 /* DefineCell */ = {
			isa = PBXGroup;
			children = (
				EDF3029E1C0BF49800E7D2A3 /* AppDelegate.h */,
				EDF3029F1C0BF49800E7D2A3 /* AppDelegate.m */,
				EDF302A11C0BF49800E7D2A3 /* ViewController.h */,
				EDF302A21C0BF49800E7D2A3 /* ViewController.m */,
				EDF302A41C0BF49800E7D2A3 /* Main.storyboard */,
				EDF302A71C0BF49800E7D2A3 /* Assets.xcassets */,
				EDF302A91C0BF49800E7D2A3 /* LaunchScreen.storyboard */,
				EDF302AC1C0BF49800E7D2A3 /* Info.plist */,
				EDF3029B1C0BF49800E7D2A3 /* Supporting Files */,
			);
			path = DefineCell;
			sourceTree = "<group>";
		};
		EDF3029B1C0BF49800E7D2A3 /* Supporting Files */ = {
			isa = PBXGroup;
			children = (
				EDF3029C1C0BF49800E7D2A3 /* main.m */,
			);
			name = "Supporting Files";
			sourceTree = "<group>";
		};
		EDF302B41C0BF49800E7D2A3 /* DefineCellTests */ = {
			isa = PBXGroup;
			children = (
				EDF302B51C0BF49800E7D2A3 /* DefineCellTests.m */,
				EDF302B71C0BF49800E7D2A3 /* Info.plist */,
			);
			path = DefineCellTests;
			sourceTree = "<group>";
		};
		EDF302BF1C0BF49800E7D2A3 /* DefineCellUITests */ = {
			isa = PBXGroup;
			children = (
				EDF302C01C0BF49800E7D2A3 /* DefineCellUITests.m */,
				EDF302C21C0BF49800E7D2A3 /* Info.plist */,
			);
			path = DefineCellUITests;
			sourceTree = "<group>";
		};
/* End PBXGroup section */

/* Begin PBXNativeTarget section */
		EDF302971C0BF49800E7D2A3 /* DefineCell */ = {
			isa = PBXNativeTarget;
			buildConfigurationList = EDF302C51C0BF49800E7D2A3 /* Build configuration list for PBXNativeTarget "DefineCell" */;
			buildPhases = (
				EDF302941C0BF49800E7D2A3 /* Sources */,
				EDF302951C0BF49800E7D2A3 /* Frameworks */,
				EDF302961C0BF49800E7D2A3 /* Resources */,
			);
			buildRules = (
			);
			dependencies = (
			);
			name = DefineCell;
			productName = DefineCell;
			productReference = EDF302981C0BF49800E7D2A3 /* DefineCell.app */;
			productType = "com.apple.product-type.application";
		};
		EDF302B01C0BF49800E7D2A3 /* DefineCellTests */ = {
			isa = PBXNativeTarget;
			buildConfigurationList = EDF302C81C0BF49800E7D2A3 /* Build configuration list for PBXNativeTarget "DefineCellTests" */;
			buildPhases = (
				EDF302AD1C0BF49800E7D2A3 /* Sources */,
				EDF302AE1C0BF49800E7D2A3 /* Frameworks */,
				EDF302AF1C0BF49800E7D2A3 /* Resources */,
			);
			buildRules = (
			);
			dependencies = (
				EDF302B31C0BF49800E7D2A3 /* PBXTargetDependency */,
			);
			name = DefineCellTests;
			productName = DefineCellTests;
			productReference = EDF302B11C0BF49800E7D2A3 /* DefineCellTests.xctest */;
			productType = "com.apple.product-type.bundle.unit-test";
		};
		EDF302BB1C0BF49800E7D2A3 /* DefineCellUITests */ = {
			isa = PBXNativeTarget;
			buildConfigurationList = EDF302CB1C0BF49800E7D2A3 /* Build configuration list for PBXNativeTarget "DefineCellUITests" */;
			buildPhases = (
				EDF302B81C0BF49800E7D2A3 /* Sources */,
				EDF302B91C0BF49800E7D2A3 /* Frameworks */,
				EDF302BA1C0BF49800E7D2A3 /* Resources */,
			);
			buildRules = (
			);
			dependencies = (
				EDF302BE1C0BF49800E7D2A3 /* PBXTargetDependency */,
			);
			name = DefineCellUITests;
			productName = DefineCellUITests;
			productReference = EDF302BC1C0BF49800E7D2A3 /* DefineCellUITests.xctest */;
			productType = "com.apple.product-type.bundle.ui-testing";
		};
/* End PBXNativeTarget section */

/* Begin PBXProject section */
		EDF302901C0BF49700E7D2A3 /* Project object */ = {
			isa = PBXProject;
			attributes = {
				LastUpgradeCheck = 0710;
				ORGANIZATIONNAME = "河南汇龙湖网络科技有限公司";
				TargetAttributes = {
					EDF302971C0BF49800E7D2A3 = {
						CreatedOnToolsVersion = 7.1;
					};
					EDF302B01C0BF49800E7D2A3 = {
						CreatedOnToolsVersion = 7.1;
						TestTargetID = EDF302971C0BF49800E7D2A3;
					};
					EDF302BB1C0BF49800E7D2A3 = {
						CreatedOnToolsVersion = 7.1;
						TestTargetID = EDF302971C0BF49800E7D2A3;
					};
				};
			};
			buildConfigurationList = EDF302931C0BF49800E7D2A3 /* Build configuration list for PBXProject "DefineCell" */;
			compatibilityVersion = "Xcode 3.2";
			developmentRegion = English;
			hasScannedForEncodings = 0;
			knownRegions = (
				en,
				Base,
			);
			mainGroup = EDF3028F1C0BF49700E7D2A3;
			productRefGroup = EDF302991C0BF49800E7D2A3 /* Products */;
			projectDirPath = "";
			projectRoot = "";
			targets = (
				EDF302971C0BF49800E7D2A3 /* DefineCell */,
				EDF302B01C0BF49800E7D2A3 /* DefineCellTests */,
				EDF302BB1C0BF49800E7D2A3 /* DefineCellUITests */,
			);
		};
/* End PBXProject section */

/* Begin PBXResourcesBuildPhase section */
		EDF302961C0BF49800E7D2A3 /* Resources */ = {
			isa = PBXResourcesBuildPhase;
			buildActionMask = 2147483647;
			files = (
				EDF302AB1C0BF49800E7D2A3 /* LaunchScreen.storyboard in Resources */,
				EDF302A81C0BF49800E7D2A3 /* Assets.xcassets in Resources */,
				EDF302A61C0BF49800E7D2A3 /* Main.storyboard in Resources */,
			);
			runOnlyForDeploymentPostprocessing = 0;
		};
		EDF302AF1C0BF49800E7D2A3 /* Resources */ = {
			isa = PBXResourcesBuildPhase;
			buildActionMask = 2147483647;
			files = (
			);
			runOnlyForDeploymentPostprocessing = 0;
		};
		EDF302BA1C0BF49800E7D2A3 /* Resources */ = {
			isa = PBXResourcesBuildPhase;
			buildActionMask = 2147483647;
			files = (
			);
			runOnlyForDeploymentPostprocessing = 0;
		};
/* End PBXResourcesBuildPhase section */

/* Begin PBXSourcesBuildPhase section */
		EDF302941C0BF49800E7D2A3 /* Sources */ = {
			isa = PBXSourcesBuildPhase;
			buildActionMask = 2147483647;
			files = (
				EDF302A31C0BF49800E7D2A3 /* ViewController.m in Sources */,
				EDF302A01C0BF49800E7D2A3 /* AppDelegate.m in Sources */,
				EDF3029D1C0BF49800E7D2A3 /* main.m in Sources */,
			);
			runOnlyForDeploymentPostprocessing = 0;
		};
		EDF302AD1C0BF49800E7D2A3 /* Sources */ = {
			isa = PBXSourcesBuildPhase;
			buildActionMask = 2147483647;
			files = (
				EDF302B61C0BF49800E7D2A3 /* DefineCellTests.m in Sources */,
			);
			runOnlyForDeploymentPostprocessing = 0;
		};
		EDF302B81C0BF49800E7D2A3 /* Sources */ = {
			isa = PBXSourcesBuildPhase;
			buildActionMask = 2147483647;
			files = (
				EDF302C11C0BF49800E7D2A3 /* DefineCellUITests.m in Sources */,
			);
			runOnlyForDeploymentPostprocessing = 0;
		};
/* End PBXSourcesBuildPhase section */

/* Begin PBXTargetDependency section */
		EDF302B31C0BF49800E7D2A3 /* PBXTargetDependency */ = {
			isa = PBXTargetDependency;
			target = EDF302971C0BF49800E7D2A3 /* DefineCell */;
			targetProxy = EDF302B21C0BF49800E7D2A3 /* PBXContainerItemProxy */;
		};
		EDF302BE1C0BF49800E7D2A3 /* PBXTargetDependency */ = {
			isa = PBXTargetDependency;
			target = EDF302971C0BF49800E7D2A3 /* DefineCell */;
			targetProxy = EDF302BD1C0BF49800E7D2A3 /* PBXContainerItemProxy */;
		};
/* End PBXTargetDependency section */

/* Begin PBXVariantGroup section */
		EDF302A41C0BF49800E7D2A3 /* Main.storyboard */ = {
			isa = PBXVariantGroup;
			children = (
				EDF302A51C0BF49800E7D2A3 /* Base */,
			);
			name = Main.storyboard;
			sourceTree = "<group>";
		};
		EDF302A91C0BF49800E7D2A3 /* LaunchScreen.storyboard */ = {
			isa = PBXVariantGroup;
			children = (
				EDF302AA1C0BF49800E7D2A3 /* Base */,
			);
			name = LaunchScreen.storyboard;
			sourceTree = "<group>";
		};
/* End PBXVariantGroup section */

/* Begin XCBuildConfiguration section */
		EDF302C31C0BF49800E7D2A3 /* Debug */ = {
			isa = XCBuildConfiguration;
			buildSettings = {
				ALWAYS_SEARCH_USER_PATHS = NO;
				CLANG_CXX_LANGUAGE_STANDARD = "gnu++0x";
				CLANG_CXX_LIBRARY = "libc++";
				CLANG_ENABLE_MODULES = YES;
				CLANG_ENABLE_OBJC_ARC = YES;
				CLANG_WARN_BOOL_CONVERSION = YES;
				CLANG_WARN_CONSTANT_CONVERSION = YES;
				CLANG_WARN_DIRECT_OBJC_ISA_USAGE = YES_ERROR;
				CLANG_WARN_EMPTY_BODY = YES;
				CLANG_WARN_ENUM_CONVERSION = YES;
				CLANG_WARN_INT_CONVERSION = YES;
				CLANG_WARN_OBJC_ROOT_CLASS = YES_ERROR;
				CLANG_WARN_UNREACHABLE_CODE = YES;
				CLANG_WARN__DUPLICATE_METHOD_MATCH = YES;
				"CODE_SIGN_IDENTITY[sdk=iphoneos*]" = "iPhone Developer";
				COPY_PHASE_STRIP = NO;
				DEBUG_INFORMATION_FORMAT = dwarf;
				ENABLE_STRICT_OBJC_MSGSEND = YES;
				ENABLE_TESTABILITY = YES;
				GCC_C_LANGUAGE_STANDARD = gnu99;
				GCC_DYNAMIC_NO_PIC = NO;
				GCC_NO_COMMON_BLOCKS = YES;
				GCC_OPTIMIZATION_LEVEL = 0;
				GCC_PREPROCESSOR_DEFINITIONS = (
					"DEBUG=1",
					"$(inherited)",
				);
				GCC_WARN_64_TO_32_BIT_CONVERSION = YES;
				GCC_WARN_ABOUT_RETURN_TYPE = YES_ERROR;
				GCC_WARN_UNDECLARED_SELECTOR = YES;
				GCC_WARN_UNINITIALIZED_AUTOS = YES_AGGRESSIVE;
				GCC_WARN_UNUSED_FUNCTION = YES;
				GCC_WARN_UNUSED_VARIABLE = YES;
				IPHONEOS_DEPLOYMENT_TARGET = 9.1;
				MTL_ENABLE_DEBUG_INFO = YES;
				ONLY_ACTIVE_ARCH = YES;
				SDKROOT = iphoneos;
			};
			name = Debug;
		};
		EDF302C41C0BF49800E7D2A3 /* Release */ = {
			isa = XCBuildConfiguration;
			buildSettings = {
				ALWAYS_SEARCH_USER_PATHS = NO;
				CLANG_CXX_LANGUAGE_STANDARD = "gnu++0x";
				CLANG_CXX_LIBRARY = "libc++";
				CLANG_ENABLE_MODULES = YES;
				CLANG_ENABLE_OBJC_ARC = YES;
				CLANG_WARN_BOOL_CONVERSION = YES;
				CLANG_WARN_CONSTANT_CONVERSION = YES;
				CLANG_WARN_DIRECT_OBJC_ISA_USAGE = YES_ERROR;
				CLANG_WARN_EMPTY_BODY = YES;
				CLANG_WARN_ENUM_CONVERSION = YES;
				CLANG_WARN_INT_CONVERSION = YES;
				CLANG_WARN_OBJC_ROOT_CLASS = YES_ERROR;
				CLANG_WARN_UNREACHABLE_CODE = YES;
				CLANG_WARN__DUPLICATE_METHOD_MATCH = YES;
				"CODE_SIGN_IDENTITY[sdk=iphoneos*]" = "iPhone Developer";
				COPY_PHASE_STRIP = NO;
				DEBUG_INFORMATION_FORMAT = "dwarf-with-dsym";
				ENABLE_NS_ASSERTIONS = NO;
				ENABLE_STRICT_OBJC_MSGSEND = YES;
				GCC_C_LANGUAGE_STANDARD = gnu99;
				GCC_NO_COMMON_BLOCKS = YES;
				GCC_WARN_64_TO_32_BIT_CONVERSION = YES;
				GCC_WARN_ABOUT_RETURN_TYPE = YES_ERROR;
				GCC_WARN_UNDECLARED_SELECTOR = YES;
				GCC_WARN_UNINITIALIZED_AUTOS = YES_AGGRESSIVE;
				GCC_WARN_UNUSED_FUNCTION = YES;
				GCC_WARN_UNUSED_VARIABLE = YES;
				IPHONEOS_DEPLOYMENT_TARGET = 9.1;
				MTL_ENABLE_DEBUG_INFO = NO;
				SDKROOT = iphoneos;
				VALIDATE_PRODUCT = YES;
			};
			name = Release;
		};
		EDF302C61C0BF49800E7D2A3 /* Debug */ = {
			isa = XCBuildConfiguration;
			buildSettings = {
				ASSETCATALOG_COMPILER_APPICON_NAME = AppIcon;
				INFOPLIST_FILE = DefineCell/Info.plist;
				LD_RUNPATH_SEARCH_PATHS = "$(inherited) @executable_path/Frameworks";
				PRODUCT_BUNDLE_IDENTIFIER = www.zzfdc.com.DefineCell;
				PRODUCT_NAME = "$(TARGET_NAME)";
			};
			name = Debug;
		};
		EDF302C71C0BF49800E7D2A3 /* Release */ = {
			isa = XCBuildConfiguration;
			buildSettings = {
				ASSETCATALOG_COMPILER_APPICON_NAME = AppIcon;
				INFOPLIST_FILE = DefineCell/Info.plist;
				LD_RUNPATH_SEARCH_PATHS = "$(inherited) @executable_path/Frameworks";
				PRODUCT_BUNDLE_IDENTIFIER = www.zzfdc.com.DefineCell;
				PRODUCT_NAME = "$(TARGET_NAME)";
			};
			name = Release;
		};
		EDF302C91C0BF49800E7D2A3 /* Debug */ = {
			isa = XCBuildConfiguration;
			buildSettings = {
				BUNDLE_LOADER = "$(TEST_HOST)";
				INFOPLIST_FILE = DefineCellTests/Info.plist;
				LD_RUNPATH_SEARCH_PATHS = "$(inherited) @executable_path/Frameworks @loader_path/Frameworks";
				PRODUCT_BUNDLE_IDENTIFIER = www.zzfdc.com.DefineCellTests;
				PRODUCT_NAME = "$(TARGET_NAME)";
				TEST_HOST = "$(BUILT_PRODUCTS_DIR)/DefineCell.app/DefineCell";
			};
			name = Debug;
		};
		EDF302CA1C0BF49800E7D2A3 /* Release */ = {
			isa = XCBuildConfiguration;
			buildSettings = {
				BUNDLE_LOADER = "$(TEST_HOST)";
				INFOPLIST_FILE = DefineCellTests/Info.plist;
				LD_RUNPATH_SEARCH_PATHS = "$(inherited) @executable_path/Frameworks @loader_path/Frameworks";
				PRODUCT_BUNDLE_IDENTIFIER = www.zzfdc.com.DefineCellTests;
				PRODUCT_NAME = "$(TARGET_NAME)";
				TEST_HOST = "$(BUILT_PRODUCTS_DIR)/DefineCell.app/DefineCell";
			};
			name = Release;
		};
		EDF302CC1C0BF49800E7D2A3 /* Debug */ = {
			isa = XCBuildConfiguration;
			buildSettings = {
				INFOPLIST_FILE = DefineCellUITests/Info.plist;
				LD_RUNPATH_SEARCH_PATHS = "$(inherited) @executable_path/Frameworks @loader_path/Frameworks";
				PRODUCT_BUNDLE_IDENTIFIER = www.zzfdc.com.DefineCellUITests;
				PRODUCT_NAME = "$(TARGET_NAME)";
				TEST_TARGET_NAME = DefineCell;
				USES_XCTRUNNER = YES;
			};
			name = Debug;
		};
		EDF302CD1C0BF49800E7D2A3 /* Release */ = {
			isa = XCBuildConfiguration;
			buildSettings = {
				INFOPLIST_FILE = DefineCellUITests/Info.plist;
				LD_RUNPATH_SEARCH_PATHS = "$(inherited) @executable_path/Frameworks @loader_path/Frameworks";
				PRODUCT_BUNDLE_IDENTIFIER = www.zzfdc.com.DefineCellUITests;
				PRODUCT_NAME = "$(TARGET_NAME)";
				TEST_TARGET_NAME = DefineCell;
				USES_XCTRUNNER = YES;
			};
			name = Release;
		};
/* End XCBuildConfiguration section */

/* Begin XCConfigurationList section */
		EDF302931C0BF49800E7D2A3 /* Build configuration list for PBXProject "DefineCell" */ = {
			isa = XCConfigurationList;
			buildConfigurations = (
				EDF302C31C0BF49800E7D2A3 /* Debug */,
				EDF302C41C0BF49800E7D2A3 /* Release */,
			);
			defaultConfigurationIsVisible = 0;
			defaultConfigurationName = Release;
		};
		EDF302C51C0BF49800E7D2A3 /* Build configuration list for PBXNativeTarget "DefineCell" */ = {
			isa = XCConfigurationList;
			buildConfigurations = (
				EDF302C61C0BF49800E7D2A3 /* Debug */,
				EDF302C71C0BF49800E7D2A3 /* Release */,
			);
			defaultConfigurationIsVisible = 0;
		};
		EDF302C81C0BF49800E7D2A3 /* Build configuration list for PBXNativeTarget "DefineCellTests" */ = {
			isa = XCConfigurationList;
			buildConfigurations = (
				EDF302C91C0BF49800E7D2A3 /* Debug */,
				EDF302CA1C0BF49800E7D2A3 /* Release */,
			);
			defaultConfigurationIsVisible = 0;
		};
		EDF302CB1C0BF49800E7D2A3 /* Build configuration list for PBXNativeTarget "DefineCellUITests" */ = {
			isa = XCConfigurationList;
			buildConfigurations = (
				EDF302CC1C0BF49800E7D2A3 /* Debug */,
				EDF302CD1C0BF49800E7D2A3 /* Release */,
			);
			defaultConfigurationIsVisible = 0;
		};
/* End XCConfigurationList section */
	};
	rootObject = EDF302901C0BF49700E7D2A3 /* Project object */;
}
